<?xml version="1.0" encoding="utf-8"?>
<Project ToolsVersion="4.0" xmlns="http://schemas.microsoft.com/developer/msbuild/2003">
  <ItemGroup>
    <Filter Include="Source Files">
      <UniqueIdentifier>{4FC737F1-C7A5-4376-A066-2A32D752A2FF}</UniqueIdentifier>
      <Extensions>cpp;c;cc;cxx;def;odl;idl;hpj;bat;asm;asmx</Extensions>
    </Filter>
    <Filter Include="Header Files">
      <UniqueIdentifier>{93995380-89BD-4b04-88EB-625FBE52EBFB}</UniqueIdentifier>
      <Extensions>h;hh;hpp;hxx;hm;inl;inc;xsd</Extensions>
    </Filter>
    <Filter Include="Resource Files">
      <UniqueIdentifier>{67DA6AB6-F800-4c08-8B7A-83BB121AAD01}</UniqueIdentifier>
      <Extensions>rc;ico;cur;bmp;dlg;rc2;rct;bin;rgs;gif;jpg;jpeg;jpe;resx;tiff;tif;png;wav;mfcribbon-ms</Extensions>
    </Filter>
  </ItemGroup>
  <ItemGroup>
    <Text Include="ReadMe.txt" />
  </ItemGroup>
  <ItemGroup>
    <ClInclude Include="stdafx.h">
      <Filter>Header Files</Filter>
    </ClInclude>
    <ClInclude Include="targetver.h">
      <Filter>Header Files</Filter>
    </ClInclude>
    <ClInclude Include="..\include\BinFile.h">
      <Filter>Header Files</Filter>
    </ClInclude>
    <ClInclude Include="..\include\BufferedInsert.h">
      <Filter>Header Files</Filter>
    </ClInclude>
    <ClInclude Include="..\include\BufferedReader.h">
      <Filter>Header Files</Filter>
    </ClInclude>
    <ClInclude Include="..\include\ConfigFile.h">
      <Filter>Header Files</Filter>
    </ClInclude>
    <ClInclude Include="..\include\DBase.h">
      <Filter>Header Files</Filter>
    </ClInclude>
    <ClInclude Include="..\include\Dictionary.h">
      <Filter>Header Files</Filter>
    </ClInclude>
    <ClInclude Include="..\include\DurationTracker.h">
      <Filter>Header Files</Filter>
    </ClInclude>
    <ClInclude Include="..\include\EMat.h">
      <Filter>Header Files</Filter>
    </ClInclude>
    <ClInclude Include="..\include\GNUtilities.h">
      <Filter>Header Files</Filter>
    </ClInclude>
    <ClInclude Include="..\include\Image.h">
      <Filter>Header Files</Filter>
    </ClInclude>
    <ClInclude Include="..\include\KeywordMgr.h">
      <Filter>Header Files</Filter>
    </ClInclude>
    <ClInclude Include="..\include\LinuxUDPServer.h">
      <Filter>Header Files</Filter>
    </ClInclude>
    <ClInclude Include="..\include\miscutils.h">
      <Filter>Header Files</Filter>
    </ClInclude>
    <ClInclude Include="..\include\MySQLDBase.h">
      <Filter>Header Files</Filter>
    </ClInclude>
    <ClInclude Include="..\include\OutStream.h">
      <Filter>Header Files</Filter>
    </ClInclude>
    <ClInclude Include="..\include\SSHClient.h">
      <Filter>Header Files</Filter>
    </ClInclude>
    <ClInclude Include="..\include\SSHServer.h">
      <Filter>Header Files</Filter>
    </ClInclude>
    <ClInclude Include="..\include\StdOutStream.h">
      <Filter>Header Files</Filter>
    </ClInclude>
    <ClInclude Include="..\include\TarFile.h">
      <Filter>Header Files</Filter>
    </ClInclude>
    <ClInclude Include="..\include\TarReader.h">
      <Filter>Header Files</Filter>
    </ClInclude>
    <ClInclude Include="..\include\tinystr.h">
      <Filter>Header Files</Filter>
    </ClInclude>
    <ClInclude Include="..\include\tinyxml.h">
      <Filter>Header Files</Filter>
    </ClInclude>
    <ClInclude Include="..\include\UDPClient.h">
      <Filter>Header Files</Filter>
    </ClInclude>
    <ClInclude Include="..\include\UDPServer.h">
      <Filter>Header Files</Filter>
    </ClInclude>
    <ClInclude Include="..\include\WinUDPClient.h">
      <Filter>Header Files</Filter>
    </ClInclude>
    <ClInclude Include="..\include\WinUDPServer.h">
      <Filter>Header Files</Filter>
    </ClInclude>
    <ClInclude Include="..\include\WordNet.h">
      <Filter>Header Files</Filter>
    </ClInclude>
    <ClInclude Include="stdheaders.h">
      <Filter>Header Files</Filter>
    </ClInclude>
    <ClInclude Include="..\include\TCPServer.h">
      <Filter>Header Files</Filter>
    </ClInclude>
    <ClInclude Include="..\include\TCPConnection.h">
      <Filter>Header Files</Filter>
    </ClInclude>
    <ClInclude Include="..\include\CmdTCPConnection.h">
      <Filter>Header Files</Filter>
    </ClInclude>
    <ClInclude Include="..\include\CommandHandler.h">
      <Filter>Header Files</Filter>
    </ClInclude>
  </ItemGroup>
  <ItemGroup>
    <ClCompile Include="stdafx.cpp">
      <Filter>Source Files</Filter>
    </ClCompile>
    <ClCompile Include="..\src\BinFile.cpp">
      <Filter>Source Files</Filter>
    </ClCompile>
    <ClCompile Include="..\src\BufferedInsert.cpp">
      <Filter>Source Files</Filter>
    </ClCompile>
    <ClCompile Include="..\src\BufferedReader.cpp">
      <Filter>Source Files</Filter>
    </ClCompile>
    <ClCompile Include="..\src\ConfigFile.cpp">
      <Filter>Source Files</Filter>
    </ClCompile>
    <ClCompile Include="..\src\DBase.cpp">
      <Filter>Source Files</Filter>
    </ClCompile>
    <ClCompile Include="..\src\Dictionary.cpp">
      <Filter>Source Files</Filter>
    </ClCompile>
    <ClCompile Include="..\src\DurationTracker.cpp">
      <Filter>Source Files</Filter>
    </ClCompile>
    <ClCompile Include="..\src\EMat.cpp">
      <Filter>Source Files</Filter>
    </ClCompile>
    <ClCompile Include="..\src\Image.cpp">
      <Filter>Source Files</Filter>
    </ClCompile>
    <ClCompile Include="..\src\KeywordMgr.cpp">
      <Filter>Source Files</Filter>
    </ClCompile>
    <ClCompile Include="..\src\LinuxUDPServer.cpp">
      <Filter>Source Files</Filter>
    </ClCompile>
    <ClCompile Include="..\src\miscutils.cpp">
      <Filter>Source Files</Filter>
    </ClCompile>
    <ClCompile Include="..\src\MySQLDBase.cpp">
      <Filter>Source Files</Filter>
    </ClCompile>
    <ClCompile Include="..\src\opencv_utils.cpp">
      <Filter>Source Files</Filter>
    </ClCompile>
    <ClCompile Include="..\src\OutStream.cpp">
      <Filter>Source Files</Filter>
    </ClCompile>
    <ClCompile Include="..\src\StdOutStream.cpp">
      <Filter>Source Files</Filter>
    </ClCompile>
    <ClCompile Include="..\src\TarFile.cpp">
      <Filter>Source Files</Filter>
    </ClCompile>
    <ClCompile Include="..\src\TarReader.cpp">
      <Filter>Source Files</Filter>
    </ClCompile>
    <ClCompile Include="..\src\tinystr.cpp">
      <Filter>Source Files</Filter>
    </ClCompile>
    <ClCompile Include="..\src\tinyxml.cpp">
      <Filter>Source Files</Filter>
    </ClCompile>
    <ClCompile Include="..\src\tinyxmlerror.cpp">
      <Filter>Source Files</Filter>
    </ClCompile>
    <ClCompile Include="..\src\tinyxmlparser.cpp">
      <Filter>Source Files</Filter>
    </ClCompile>
    <ClCompile Include="..\src\UDPClient.cpp">
      <Filter>Source Files</Filter>
    </ClCompile>
    <ClCompile Include="..\src\UDPServer.cpp">
      <Filter>Source Files</Filter>
    </ClCompile>
    <ClCompile Include="..\src\WinUDPClient.cpp">
      <Filter>Source Files</Filter>
    </ClCompile>
    <ClCompile Include="..\src\WinUDPServer.cpp">
      <Filter>Source Files</Filter>
    </ClCompile>
    <ClCompile Include="..\src\WordNet.cpp">
      <Filter>Source Files</Filter>
    </ClCompile>
    <ClCompile Include="..\src\TCPServer.cpp">
      <Filter>Source Files</Filter>
    </ClCompile>
    <ClCompile Include="..\src\TCPConnection.cpp">
      <Filter>Source Files</Filter>
    </ClCompile>
    <ClCompile Include="..\src\CommandHandler.cpp">
      <Filter>Source Files</Filter>
    </ClCompile>
    <ClCompile Include="..\src\CmdTCPConnection.cpp">
      <Filter>Source Files</Filter>
    </ClCompile>
  </ItemGroup>
  <ItemGroup>
    <None Include="ClassDiagram.cd" />
  </ItemGroup>
</Project>